{
    "_readme": [
        "This file locks the dependencies of your project to a known state",
        "Read more about it at https://getcomposer.org/doc/01-basic-usage.md#installing-dependencies",
        "This file is @generated automatically"
    ],
    "content-hash": "f3c2f64b7775e0b2b940b683862909c6",
    "packages": [
        {
            "name": "puleeno/php-peg",
            "version": "2.0.0",
            "source": {
                "type": "git",
                "url": "https://github.com/puleeno/php-peg.git",
                "reference": "0c33e449dbc8ec9149616b9bbddb0d4c1aa403e1"
            },
            "dist": {
                "type": "zip",
                "url": "https://api.github.com/repos/puleeno/php-peg/zipball/0c33e449dbc8ec9149616b9bbddb0d4c1aa403e1",
                "reference": "0c33e449dbc8ec9149616b9bbddb0d4c1aa403e1",
                "shasum": ""
            },
            "require": {
                "php": ">=5.3.0"
            },
            "bin": [
                "cli.php"
            ],
            "type": "library",
            "notification-url": "https://packagist.org/downloads/",
            "license": [
                "MIT"
            ],
            "authors": [
                {
                    "name": "Hamish Friedlander",
                    "email": "hamish@silverstripe.com",
                    "role": "Developer"
                },
                {
                    "name": "Puleeno Nguyen",
                    "email": "puleeno@gmail.com",
                    "role": "Developer"
                }
            ],
            "description": "PEG (parsing expression grammar) compiler for PHP",
            "homepage": "https://github.com/puleeno/php-peg",
            "keywords": [
                "DSL",
                "compiler",
                "parser",
                "peg"
            ],
            "time": "2020-07-08T01:50:24+00:00"
        }
    ],
    "packages-dev": [],
    "aliases": [],
    "minimum-stability": "dev",
    "stability-flags": [],
    "prefer-stable": false,
    "prefer-lowest": false,
    "platform": [],
    "platform-dev": [],
    "plugin-api-version": "1.1.0"
}
